
Microsoft Visual Studio Solution File, Format Version 12.00
# Visual Studio Version 17
VisualStudioVersion = 17.13.35806.99
MinimumVisualStudioVersion = 10.0.40219.1
Project("{2150E333-8FDC-42A3-9474-1A3956D46DE8}") = "Services", "Services", "{02EA681E-C7D8-13C7-8484-4AC65E1B71E8}"
EndProject
Project("{2150E333-8FDC-42A3-9474-1A3956D46DE8}") = "WebApps", "WebApps", "{5227BE12-62AE-4BB9-8674-39AE193D0893}"
EndProject
Project("{2150E333-8FDC-42A3-9474-1A3956D46DE8}") = "Cadastros", "Cadastros", "{D5EB8772-9EEA-4C09-80AB-8B5185852D57}"
EndProject
Project("{2150E333-8FDC-42A3-9474-1A3956D46DE8}") = "Catalogo", "Catalogo", "{D1F1D3FE-8307-4FDA-9AE3-37112D3BB6D5}"
EndProject
Project("{2150E333-8FDC-42A3-9474-1A3956D46DE8}") = "Core", "Core", "{30CA4236-6B72-41EC-9ABA-B8294C5EF2C4}"
EndProject
Project("{2150E333-8FDC-42A3-9474-1A3956D46DE8}") = "Fiscal", "Fiscal", "{09A6194E-EA92-41EA-A92A-592DAAD88558}"
EndProject
Project("{2150E333-8FDC-42A3-9474-1A3956D46DE8}") = "Pagamentos", "Pagamentos", "{3FCB8AAD-91FF-4714-AAF9-298AF38CF72B}"
EndProject
Project("{2150E333-8FDC-42A3-9474-1A3956D46DE8}") = "Vendas", "Vendas", "{0529B8E1-F00A-40B0-8310-FD8B53B6AA11}"
EndProject
Project("{FAE04EC0-301F-11D3-BF4B-00C04F79EFBC}") = "NerdStore.Catalogo.Domain", "src\NerdStore.Catalogo.Domain\NerdStore.Catalogo.Domain.csproj", "{A855E99E-5E3E-4D72-9B7C-01ED887679D4}"
EndProject
Project("{FAE04EC0-301F-11D3-BF4B-00C04F79EFBC}") = "NerdStore.Core", "src\NerdStore.Core\NerdStore.Core.csproj", "{C9BC3E09-2E6C-4910-A3FA-6878A06A4DAA}"
EndProject
Project("{2150E333-8FDC-42A3-9474-1A3956D46DE8}") = "Tests", "Tests", "{D015C07B-DF37-441B-A6EF-3A0A997F3638}"
EndProject
Project("{FAE04EC0-301F-11D3-BF4B-00C04F79EFBC}") = "NerdStore.Catalogo.Domain.Tests", "tests\NerdStore.Catalogo.Domain.Tests\NerdStore.Catalogo.Domain.Tests.csproj", "{4BB45ECA-5CEB-4DFB-8C8C-C764EA6E12C8}"
EndProject
Project("{FAE04EC0-301F-11D3-BF4B-00C04F79EFBC}") = "NerdStore.Catalogo.Data", "src\NerdStore.Catalogo.Data\NerdStore.Catalogo.Data.csproj", "{386CCDFD-EFB4-4A61-B0CE-4A98F51EEDDA}"
EndProject
Project("{FAE04EC0-301F-11D3-BF4B-00C04F79EFBC}") = "NerdStore.Catalago.Application", "src\NerdStore.Catalago.Application\NerdStore.Catalago.Application.csproj", "{E60FEBA7-8A9E-4A55-BE08-31C287617C6F}"
EndProject
Project("{FAE04EC0-301F-11D3-BF4B-00C04F79EFBC}") = "NerdStore.WebApp.MVC", "src\NerdStore.WebApp.MVC\NerdStore.WebApp.MVC.csproj", "{85A49AFD-F945-46C0-839E-22B473651839}"
EndProject
Global
	GlobalSection(SolutionConfigurationPlatforms) = preSolution
		Debug|Any CPU = Debug|Any CPU
		Release|Any CPU = Release|Any CPU
	EndGlobalSection
	GlobalSection(ProjectConfigurationPlatforms) = postSolution
		{A855E99E-5E3E-4D72-9B7C-01ED887679D4}.Debug|Any CPU.ActiveCfg = Debug|Any CPU
		{A855E99E-5E3E-4D72-9B7C-01ED887679D4}.Debug|Any CPU.Build.0 = Debug|Any CPU
		{A855E99E-5E3E-4D72-9B7C-01ED887679D4}.Release|Any CPU.ActiveCfg = Release|Any CPU
		{A855E99E-5E3E-4D72-9B7C-01ED887679D4}.Release|Any CPU.Build.0 = Release|Any CPU
		{C9BC3E09-2E6C-4910-A3FA-6878A06A4DAA}.Debug|Any CPU.ActiveCfg = Debug|Any CPU
		{C9BC3E09-2E6C-4910-A3FA-6878A06A4DAA}.Debug|Any CPU.Build.0 = Debug|Any CPU
		{C9BC3E09-2E6C-4910-A3FA-6878A06A4DAA}.Release|Any CPU.ActiveCfg = Release|Any CPU
		{C9BC3E09-2E6C-4910-A3FA-6878A06A4DAA}.Release|Any CPU.Build.0 = Release|Any CPU
		{4BB45ECA-5CEB-4DFB-8C8C-C764EA6E12C8}.Debug|Any CPU.ActiveCfg = Debug|Any CPU
		{4BB45ECA-5CEB-4DFB-8C8C-C764EA6E12C8}.Debug|Any CPU.Build.0 = Debug|Any CPU
		{4BB45ECA-5CEB-4DFB-8C8C-C764EA6E12C8}.Release|Any CPU.ActiveCfg = Release|Any CPU
		{4BB45ECA-5CEB-4DFB-8C8C-C764EA6E12C8}.Release|Any CPU.Build.0 = Release|Any CPU
		{386CCDFD-EFB4-4A61-B0CE-4A98F51EEDDA}.Debug|Any CPU.ActiveCfg = Debug|Any CPU
		{386CCDFD-EFB4-4A61-B0CE-4A98F51EEDDA}.Debug|Any CPU.Build.0 = Debug|Any CPU
		{386CCDFD-EFB4-4A61-B0CE-4A98F51EEDDA}.Release|Any CPU.ActiveCfg = Release|Any CPU
		{386CCDFD-EFB4-4A61-B0CE-4A98F51EEDDA}.Release|Any CPU.Build.0 = Release|Any CPU
		{E60FEBA7-8A9E-4A55-BE08-31C287617C6F}.Debug|Any CPU.ActiveCfg = Debug|Any CPU
		{E60FEBA7-8A9E-4A55-BE08-31C287617C6F}.Debug|Any CPU.Build.0 = Debug|Any CPU
		{E60FEBA7-8A9E-4A55-BE08-31C287617C6F}.Release|Any CPU.ActiveCfg = Release|Any CPU
		{E60FEBA7-8A9E-4A55-BE08-31C287617C6F}.Release|Any CPU.Build.0 = Release|Any CPU
		{85A49AFD-F945-46C0-839E-22B473651839}.Debug|Any CPU.ActiveCfg = Debug|Any CPU
		{85A49AFD-F945-46C0-839E-22B473651839}.Debug|Any CPU.Build.0 = Debug|Any CPU
		{85A49AFD-F945-46C0-839E-22B473651839}.Release|Any CPU.ActiveCfg = Release|Any CPU
		{85A49AFD-F945-46C0-839E-22B473651839}.Release|Any CPU.Build.0 = Release|Any CPU
	EndGlobalSection
	GlobalSection(SolutionProperties) = preSolution
		HideSolutionNode = FALSE
	EndGlobalSection
	GlobalSection(NestedProjects) = preSolution
		{D5EB8772-9EEA-4C09-80AB-8B5185852D57} = {02EA681E-C7D8-13C7-8484-4AC65E1B71E8}
		{D1F1D3FE-8307-4FDA-9AE3-37112D3BB6D5} = {02EA681E-C7D8-13C7-8484-4AC65E1B71E8}
		{30CA4236-6B72-41EC-9ABA-B8294C5EF2C4} = {02EA681E-C7D8-13C7-8484-4AC65E1B71E8}
		{09A6194E-EA92-41EA-A92A-592DAAD88558} = {02EA681E-C7D8-13C7-8484-4AC65E1B71E8}
		{3FCB8AAD-91FF-4714-AAF9-298AF38CF72B} = {02EA681E-C7D8-13C7-8484-4AC65E1B71E8}
		{0529B8E1-F00A-40B0-8310-FD8B53B6AA11} = {02EA681E-C7D8-13C7-8484-4AC65E1B71E8}
		{A855E99E-5E3E-4D72-9B7C-01ED887679D4} = {D1F1D3FE-8307-4FDA-9AE3-37112D3BB6D5}
		{C9BC3E09-2E6C-4910-A3FA-6878A06A4DAA} = {30CA4236-6B72-41EC-9ABA-B8294C5EF2C4}
		{D015C07B-DF37-441B-A6EF-3A0A997F3638} = {D1F1D3FE-8307-4FDA-9AE3-37112D3BB6D5}
		{4BB45ECA-5CEB-4DFB-8C8C-C764EA6E12C8} = {D015C07B-DF37-441B-A6EF-3A0A997F3638}
		{386CCDFD-EFB4-4A61-B0CE-4A98F51EEDDA} = {D1F1D3FE-8307-4FDA-9AE3-37112D3BB6D5}
		{E60FEBA7-8A9E-4A55-BE08-31C287617C6F} = {D1F1D3FE-8307-4FDA-9AE3-37112D3BB6D5}
		{85A49AFD-F945-46C0-839E-22B473651839} = {5227BE12-62AE-4BB9-8674-39AE193D0893}
	EndGlobalSection
	GlobalSection(ExtensibilityGlobals) = postSolution
		SolutionGuid = {5C1FD866-F7E4-4F62-A831-987662006DF8}
	EndGlobalSection
EndGlobal
